
Microsoft Visual Studio Solution File, Format Version 12.00
# Visual Studio Version 17
VisualStudioVersion = 17.6.33712.159
MinimumVisualStudioVersion = 10.0.40219.1
Project("{9A19103F-16F7-4668-BE54-9A1E7A4F7556}") = "Backend.WebApi", "src\GameDevJobs.WebApi\Backend.WebApi.csproj", "{453DCC95-83B5-4920-AA17-B2CC14FEF10E}"
EndProject
Project("{9A19103F-16F7-4668-BE54-9A1E7A4F7556}") = "Backend.Infrastructure", "src\GameDevJobs.Infrastructure\Backend.Infrastructure.csproj", "{8A042E45-E9DC-47B4-86F3-A191A0280AF7}"
EndProject
Project("{9A19103F-16F7-4668-BE54-9A1E7A4F7556}") = "Backend.Domain", "src\GameDevJobs.Domain\Backend.Domain.csproj", "{DF87461C-DC2B-479A-B449-E67F5E26BA38}"
EndProject
Project("{9A19103F-16F7-4668-BE54-9A1E7A4F7556}") = "Backend.Application", "src\GameDevJobs.Application\Backend.Application.csproj", "{585860E4-9645-4B08-93DB-51F4511F5B86}"
EndProject
Global
	GlobalSection(SolutionConfigurationPlatforms) = preSolution
		Debug|Any CPU = Debug|Any CPU
		Release|Any CPU = Release|Any CPU
	EndGlobalSection
	GlobalSection(ProjectConfigurationPlatforms) = postSolution
		{453DCC95-83B5-4920-AA17-B2CC14FEF10E}.Debug|Any CPU.ActiveCfg = Debug|Any CPU
		{453DCC95-83B5-4920-AA17-B2CC14FEF10E}.Debug|Any CPU.Build.0 = Debug|Any CPU
		{453DCC95-83B5-4920-AA17-B2CC14FEF10E}.Release|Any CPU.ActiveCfg = Release|Any CPU
		{453DCC95-83B5-4920-AA17-B2CC14FEF10E}.Release|Any CPU.Build.0 = Release|Any CPU
		{8A042E45-E9DC-47B4-86F3-A191A0280AF7}.Debug|Any CPU.ActiveCfg = Debug|Any CPU
		{8A042E45-E9DC-47B4-86F3-A191A0280AF7}.Debug|Any CPU.Build.0 = Debug|Any CPU
		{8A042E45-E9DC-47B4-86F3-A191A0280AF7}.Release|Any CPU.ActiveCfg = Release|Any CPU
		{8A042E45-E9DC-47B4-86F3-A191A0280AF7}.Release|Any CPU.Build.0 = Release|Any CPU
		{DF87461C-DC2B-479A-B449-E67F5E26BA38}.Debug|Any CPU.ActiveCfg = Debug|Any CPU
		{DF87461C-DC2B-479A-B449-E67F5E26BA38}.Debug|Any CPU.Build.0 = Debug|Any CPU
		{DF87461C-DC2B-479A-B449-E67F5E26BA38}.Release|Any CPU.ActiveCfg = Release|Any CPU
		{DF87461C-DC2B-479A-B449-E67F5E26BA38}.Release|Any CPU.Build.0 = Release|Any CPU
		{585860E4-9645-4B08-93DB-51F4511F5B86}.Debug|Any CPU.ActiveCfg = Debug|Any CPU
		{585860E4-9645-4B08-93DB-51F4511F5B86}.Debug|Any CPU.Build.0 = Debug|Any CPU
		{585860E4-9645-4B08-93DB-51F4511F5B86}.Release|Any CPU.ActiveCfg = Release|Any CPU
		{585860E4-9645-4B08-93DB-51F4511F5B86}.Release|Any CPU.Build.0 = Release|Any CPU
	EndGlobalSection
	GlobalSection(SolutionProperties) = preSolution
		HideSolutionNode = FALSE
	EndGlobalSection
	GlobalSection(ExtensibilityGlobals) = postSolution
		SolutionGuid = {B5106C19-79CE-478C-AEDE-8318F19B1F22}
	EndGlobalSection
EndGlobal
