
Microsoft Visual Studio Solution File, Format Version 12.00
# Visual Studio Version 17
VisualStudioVersion = 17.6.33712.159
MinimumVisualStudioVersion = 10.0.40219.1
Project("{9A19103F-16F7-4668-BE54-9A1E7A4F7556}") = "GameDevJobs.Scraper", "scraper\GameDevJobs.Scraper\GameDevJobs.Scraper.csproj", "{2C0F065B-13D2-41D1-A842-FE65CE076E75}"
EndProject
Project("{9A19103F-16F7-4668-BE54-9A1E7A4F7556}") = "GameDevJobs.Application", "backend\GameDevJobs.Application\GameDevJobs.Application.csproj", "{4EB85427-FBB3-4499-A2FA-07DA2A767EC8}"
EndProject
Project("{9A19103F-16F7-4668-BE54-9A1E7A4F7556}") = "GameDevJobs.Domain", "backend\GameDevJobs.Domain\GameDevJobs.Domain.csproj", "{6187CA45-08B2-40AD-8365-41A1B6DADCF6}"
EndProject
Project("{9A19103F-16F7-4668-BE54-9A1E7A4F7556}") = "GameDevJobs.Infrastructure", "backend\GameDevJobs.Infrastructure\GameDevJobs.Infrastructure.csproj", "{590DD84B-47C2-48F0-A37C-125E682D2982}"
EndProject
Project("{9A19103F-16F7-4668-BE54-9A1E7A4F7556}") = "GameDevJobs.WebApi", "backend\GameDevJobs.WebApi\GameDevJobs.WebApi.csproj", "{6E136A3C-7F9B-4A89-A9B2-B2D80B2174AB}"
EndProject
Global
	GlobalSection(SolutionConfigurationPlatforms) = preSolution
		Debug|Any CPU = Debug|Any CPU
		Release|Any CPU = Release|Any CPU
	EndGlobalSection
	GlobalSection(ProjectConfigurationPlatforms) = postSolution
		{2C0F065B-13D2-41D1-A842-FE65CE076E75}.Debug|Any CPU.ActiveCfg = Debug|Any CPU
		{2C0F065B-13D2-41D1-A842-FE65CE076E75}.Debug|Any CPU.Build.0 = Debug|Any CPU
		{2C0F065B-13D2-41D1-A842-FE65CE076E75}.Release|Any CPU.ActiveCfg = Release|Any CPU
		{2C0F065B-13D2-41D1-A842-FE65CE076E75}.Release|Any CPU.Build.0 = Release|Any CPU
		{4EB85427-FBB3-4499-A2FA-07DA2A767EC8}.Debug|Any CPU.ActiveCfg = Debug|Any CPU
		{4EB85427-FBB3-4499-A2FA-07DA2A767EC8}.Debug|Any CPU.Build.0 = Debug|Any CPU
		{4EB85427-FBB3-4499-A2FA-07DA2A767EC8}.Release|Any CPU.ActiveCfg = Release|Any CPU
		{4EB85427-FBB3-4499-A2FA-07DA2A767EC8}.Release|Any CPU.Build.0 = Release|Any CPU
		{6187CA45-08B2-40AD-8365-41A1B6DADCF6}.Debug|Any CPU.ActiveCfg = Debug|Any CPU
		{6187CA45-08B2-40AD-8365-41A1B6DADCF6}.Debug|Any CPU.Build.0 = Debug|Any CPU
		{6187CA45-08B2-40AD-8365-41A1B6DADCF6}.Release|Any CPU.ActiveCfg = Release|Any CPU
		{6187CA45-08B2-40AD-8365-41A1B6DADCF6}.Release|Any CPU.Build.0 = Release|Any CPU
		{590DD84B-47C2-48F0-A37C-125E682D2982}.Debug|Any CPU.ActiveCfg = Debug|Any CPU
		{590DD84B-47C2-48F0-A37C-125E682D2982}.Debug|Any CPU.Build.0 = Debug|Any CPU
		{590DD84B-47C2-48F0-A37C-125E682D2982}.Release|Any CPU.ActiveCfg = Release|Any CPU
		{590DD84B-47C2-48F0-A37C-125E682D2982}.Release|Any CPU.Build.0 = Release|Any CPU
		{6E136A3C-7F9B-4A89-A9B2-B2D80B2174AB}.Debug|Any CPU.ActiveCfg = Debug|Any CPU
		{6E136A3C-7F9B-4A89-A9B2-B2D80B2174AB}.Debug|Any CPU.Build.0 = Debug|Any CPU
		{6E136A3C-7F9B-4A89-A9B2-B2D80B2174AB}.Release|Any CPU.ActiveCfg = Release|Any CPU
		{6E136A3C-7F9B-4A89-A9B2-B2D80B2174AB}.Release|Any CPU.Build.0 = Release|Any CPU
	EndGlobalSection
	GlobalSection(SolutionProperties) = preSolution
		HideSolutionNode = FALSE
	EndGlobalSection
	GlobalSection(ExtensibilityGlobals) = postSolution
		SolutionGuid = {B5106C19-79CE-478C-AEDE-8318F19B1F22}
	EndGlobalSection
EndGlobal
