
Microsoft Visual Studio Solution File, Format Version 12.00
# Visual Studio Version 17
VisualStudioVersion = 17.6.33712.159
MinimumVisualStudioVersion = 10.0.40219.1
Project("{2150E333-8FDC-42A3-9474-1A3956D46DE8}") = "src", "src", "{8AC7E65C-FDB5-41CE-9D6F-14A9E4410F42}"
EndProject
Project("{9A19103F-16F7-4668-BE54-9A1E7A4F7556}") = "GameDevJobs.WebApi", "GameDevJobs.WebApi\GameDevJobs.WebApi.csproj", "{0DD9F78D-AD29-45B8-8D2D-D016010E4512}"
EndProject
Project("{9A19103F-16F7-4668-BE54-9A1E7A4F7556}") = "GameDevJobs.Infrastructure", "GameDevJobs.Infrastructure\GameDevJobs.Infrastructure.csproj", "{47D2C4F6-4A11-445D-984F-0FC2DB3DF469}"
EndProject
Project("{9A19103F-16F7-4668-BE54-9A1E7A4F7556}") = "GameDevJobs.Domain", "GameDevJobs.Domain\GameDevJobs.Domain.csproj", "{9E227256-7711-43C4-B88C-EF34EA3F5A57}"
EndProject
Project("{9A19103F-16F7-4668-BE54-9A1E7A4F7556}") = "GameDevJobs.Application", "GameDevJobs.Application\GameDevJobs.Application.csproj", "{91DEC652-C4D7-4C87-8A80-CB1B8E050F95}"
EndProject
Global
	GlobalSection(SolutionConfigurationPlatforms) = preSolution
		Debug|Any CPU = Debug|Any CPU
		Release|Any CPU = Release|Any CPU
	EndGlobalSection
	GlobalSection(ProjectConfigurationPlatforms) = postSolution
		{0DD9F78D-AD29-45B8-8D2D-D016010E4512}.Debug|Any CPU.ActiveCfg = Debug|Any CPU
		{0DD9F78D-AD29-45B8-8D2D-D016010E4512}.Debug|Any CPU.Build.0 = Debug|Any CPU
		{0DD9F78D-AD29-45B8-8D2D-D016010E4512}.Release|Any CPU.ActiveCfg = Release|Any CPU
		{0DD9F78D-AD29-45B8-8D2D-D016010E4512}.Release|Any CPU.Build.0 = Release|Any CPU
		{47D2C4F6-4A11-445D-984F-0FC2DB3DF469}.Debug|Any CPU.ActiveCfg = Debug|Any CPU
		{47D2C4F6-4A11-445D-984F-0FC2DB3DF469}.Debug|Any CPU.Build.0 = Debug|Any CPU
		{47D2C4F6-4A11-445D-984F-0FC2DB3DF469}.Release|Any CPU.ActiveCfg = Release|Any CPU
		{47D2C4F6-4A11-445D-984F-0FC2DB3DF469}.Release|Any CPU.Build.0 = Release|Any CPU
		{9E227256-7711-43C4-B88C-EF34EA3F5A57}.Debug|Any CPU.ActiveCfg = Debug|Any CPU
		{9E227256-7711-43C4-B88C-EF34EA3F5A57}.Debug|Any CPU.Build.0 = Debug|Any CPU
		{9E227256-7711-43C4-B88C-EF34EA3F5A57}.Release|Any CPU.ActiveCfg = Release|Any CPU
		{9E227256-7711-43C4-B88C-EF34EA3F5A57}.Release|Any CPU.Build.0 = Release|Any CPU
		{91DEC652-C4D7-4C87-8A80-CB1B8E050F95}.Debug|Any CPU.ActiveCfg = Debug|Any CPU
		{91DEC652-C4D7-4C87-8A80-CB1B8E050F95}.Debug|Any CPU.Build.0 = Debug|Any CPU
		{91DEC652-C4D7-4C87-8A80-CB1B8E050F95}.Release|Any CPU.ActiveCfg = Release|Any CPU
		{91DEC652-C4D7-4C87-8A80-CB1B8E050F95}.Release|Any CPU.Build.0 = Release|Any CPU
	EndGlobalSection
	GlobalSection(SolutionProperties) = preSolution
		HideSolutionNode = FALSE
	EndGlobalSection
	GlobalSection(NestedProjects) = preSolution
		{0DD9F78D-AD29-45B8-8D2D-D016010E4512} = {8AC7E65C-FDB5-41CE-9D6F-14A9E4410F42}
		{47D2C4F6-4A11-445D-984F-0FC2DB3DF469} = {8AC7E65C-FDB5-41CE-9D6F-14A9E4410F42}
		{9E227256-7711-43C4-B88C-EF34EA3F5A57} = {8AC7E65C-FDB5-41CE-9D6F-14A9E4410F42}
		{91DEC652-C4D7-4C87-8A80-CB1B8E050F95} = {8AC7E65C-FDB5-41CE-9D6F-14A9E4410F42}
	EndGlobalSection
	GlobalSection(ExtensibilityGlobals) = postSolution
		SolutionGuid = {087465A4-9F12-4375-AB36-CCDAD5DD6FBE}
	EndGlobalSection
EndGlobal
